
Microsoft Visual Studio Solution File, Format Version 12.00
# Visual Studio Version 16
VisualStudioVersion = 16.0.30517.126
MinimumVisualStudioVersion = 10.0.40219.1
Project("{FAE04EC0-301F-11D3-BF4B-00C04F79EFBC}") = "PrototypeDesign", "PrototypeDesign\PrototypeDesign.csproj", "{AFD84BC6-4258-4568-B360-BA45B0E1E1AB}"
EndProject
Global
	GlobalSection(SolutionConfigurationPlatforms) = preSolution
		Debug|Any CPU = Debug|Any CPU
		Release|Any CPU = Release|Any CPU
	EndGlobalSection
	GlobalSection(ProjectConfigurationPlatforms) = postSolution
		{AFD84BC6-4258-4568-B360-BA45B0E1E1AB}.Debug|Any CPU.ActiveCfg = Debug|Any CPU
		{AFD84BC6-4258-4568-B360-BA45B0E1E1AB}.Debug|Any CPU.Build.0 = Debug|Any CPU
		{AFD84BC6-4258-4568-B360-BA45B0E1E1AB}.Release|Any CPU.ActiveCfg = Release|Any CPU
		{AFD84BC6-4258-4568-B360-BA45B0E1E1AB}.Release|Any CPU.Build.0 = Release|Any CPU
	EndGlobalSection
	GlobalSection(SolutionProperties) = preSolution
		HideSolutionNode = FALSE
	EndGlobalSection
	GlobalSection(ExtensibilityGlobals) = postSolution
		SolutionGuid = {F791A0F8-DBDB-4A88-94FB-CD2348199A16}
	EndGlobalSection
EndGlobal
